
Microsoft Visual Studio Solution File, Format Version 12.00
# Visual Studio 15
VisualStudioVersion = 15.0.26730.12
MinimumVisualStudioVersion = 10.0.40219.1
Project("{FAE04EC0-301F-11D3-BF4B-00C04F79EFBC}") = "PsMonitor.Android", "PsMonitor\PsMonitor.Android\PsMonitor.Android.csproj", "{DE0AC05C-AD1E-449D-BC8D-73D9DFD62BC3}"
EndProject
Project("{FAE04EC0-301F-11D3-BF4B-00C04F79EFBC}") = "PsMonitor", "PsMonitor\PsMonitor\PsMonitor.csproj", "{95792654-3ACA-4DF3-9018-97D2C4C93EAD}"
EndProject
Project("{FAE04EC0-301F-11D3-BF4B-00C04F79EFBC}") = "PsMonitor.UWP", "PsMonitor\PsMonitor.UWP\PsMonitor.UWP.csproj", "{42A308F0-2CE1-4A8C-9482-89C868AB6F21}"
EndProject
Project("{FAE04EC0-301F-11D3-BF4B-00C04F79EFBC}") = "PsMonitor.iOS", "PsMonitor\PsMonitor.iOS\PsMonitor.iOS.csproj", "{0503CD6B-0C6D-4FDE-B422-87EFAE003C2D}"
EndProject
Global
	GlobalSection(SolutionConfigurationPlatforms) = preSolution
		Ad-Hoc|Any CPU = Ad-Hoc|Any CPU
		Ad-Hoc|ARM = Ad-Hoc|ARM
		Ad-Hoc|iPhone = Ad-Hoc|iPhone
		Ad-Hoc|iPhoneSimulator = Ad-Hoc|iPhoneSimulator
		Ad-Hoc|x64 = Ad-Hoc|x64
		Ad-Hoc|x86 = Ad-Hoc|x86
		AppStore|Any CPU = AppStore|Any CPU
		AppStore|ARM = AppStore|ARM
		AppStore|iPhone = AppStore|iPhone
		AppStore|iPhoneSimulator = AppStore|iPhoneSimulator
		AppStore|x64 = AppStore|x64
		AppStore|x86 = AppStore|x86
		Debug|Any CPU = Debug|Any CPU
		Debug|ARM = Debug|ARM
		Debug|iPhone = Debug|iPhone
		Debug|iPhoneSimulator = Debug|iPhoneSimulator
		Debug|x64 = Debug|x64
		Debug|x86 = Debug|x86
		Release|Any CPU = Release|Any CPU
		Release|ARM = Release|ARM
		Release|iPhone = Release|iPhone
		Release|iPhoneSimulator = Release|iPhoneSimulator
		Release|x64 = Release|x64
		Release|x86 = Release|x86
	EndGlobalSection
	GlobalSection(ProjectConfigurationPlatforms) = postSolution
		{DE0AC05C-AD1E-449D-BC8D-73D9DFD62BC3}.Ad-Hoc|Any CPU.ActiveCfg = Release|Any CPU
		{DE0AC05C-AD1E-449D-BC8D-73D9DFD62BC3}.Ad-Hoc|Any CPU.Build.0 = Release|Any CPU
		{DE0AC05C-AD1E-449D-BC8D-73D9DFD62BC3}.Ad-Hoc|Any CPU.Deploy.0 = Release|Any CPU
		{DE0AC05C-AD1E-449D-BC8D-73D9DFD62BC3}.Ad-Hoc|ARM.ActiveCfg = Release|Any CPU
		{DE0AC05C-AD1E-449D-BC8D-73D9DFD62BC3}.Ad-Hoc|ARM.Build.0 = Release|Any CPU
		{DE0AC05C-AD1E-449D-BC8D-73D9DFD62BC3}.Ad-Hoc|ARM.Deploy.0 = Release|Any CPU
		{DE0AC05C-AD1E-449D-BC8D-73D9DFD62BC3}.Ad-Hoc|iPhone.ActiveCfg = Release|Any CPU
		{DE0AC05C-AD1E-449D-BC8D-73D9DFD62BC3}.Ad-Hoc|iPhone.Build.0 = Release|Any CPU
		{DE0AC05C-AD1E-449D-BC8D-73D9DFD62BC3}.Ad-Hoc|iPhone.Deploy.0 = Release|Any CPU
		{DE0AC05C-AD1E-449D-BC8D-73D9DFD62BC3}.Ad-Hoc|iPhoneSimulator.ActiveCfg = Release|Any CPU
		{DE0AC05C-AD1E-449D-BC8D-73D9DFD62BC3}.Ad-Hoc|iPhoneSimulator.Build.0 = Release|Any CPU
		{DE0AC05C-AD1E-449D-BC8D-73D9DFD62BC3}.Ad-Hoc|iPhoneSimulator.Deploy.0 = Release|Any CPU
		{DE0AC05C-AD1E-449D-BC8D-73D9DFD62BC3}.Ad-Hoc|x64.ActiveCfg = Release|Any CPU
		{DE0AC05C-AD1E-449D-BC8D-73D9DFD62BC3}.Ad-Hoc|x64.Build.0 = Release|Any CPU
		{DE0AC05C-AD1E-449D-BC8D-73D9DFD62BC3}.Ad-Hoc|x64.Deploy.0 = Release|Any CPU
		{DE0AC05C-AD1E-449D-BC8D-73D9DFD62BC3}.Ad-Hoc|x86.ActiveCfg = Release|Any CPU
		{DE0AC05C-AD1E-449D-BC8D-73D9DFD62BC3}.Ad-Hoc|x86.Build.0 = Release|Any CPU
		{DE0AC05C-AD1E-449D-BC8D-73D9DFD62BC3}.Ad-Hoc|x86.Deploy.0 = Release|Any CPU
		{DE0AC05C-AD1E-449D-BC8D-73D9DFD62BC3}.AppStore|Any CPU.ActiveCfg = Release|Any CPU
		{DE0AC05C-AD1E-449D-BC8D-73D9DFD62BC3}.AppStore|Any CPU.Build.0 = Release|Any CPU
		{DE0AC05C-AD1E-449D-BC8D-73D9DFD62BC3}.AppStore|Any CPU.Deploy.0 = Release|Any CPU
		{DE0AC05C-AD1E-449D-BC8D-73D9DFD62BC3}.AppStore|ARM.ActiveCfg = Release|Any CPU
		{DE0AC05C-AD1E-449D-BC8D-73D9DFD62BC3}.AppStore|ARM.Build.0 = Release|Any CPU
		{DE0AC05C-AD1E-449D-BC8D-73D9DFD62BC3}.AppStore|ARM.Deploy.0 = Release|Any CPU
		{DE0AC05C-AD1E-449D-BC8D-73D9DFD62BC3}.AppStore|iPhone.ActiveCfg = Release|Any CPU
		{DE0AC05C-AD1E-449D-BC8D-73D9DFD62BC3}.AppStore|iPhone.Build.0 = Release|Any CPU
		{DE0AC05C-AD1E-449D-BC8D-73D9DFD62BC3}.AppStore|iPhone.Deploy.0 = Release|Any CPU
		{DE0AC05C-AD1E-449D-BC8D-73D9DFD62BC3}.AppStore|iPhoneSimulator.ActiveCfg = Release|Any CPU
		{DE0AC05C-AD1E-449D-BC8D-73D9DFD62BC3}.AppStore|iPhoneSimulator.Build.0 = Release|Any CPU
		{DE0AC05C-AD1E-449D-BC8D-73D9DFD62BC3}.AppStore|iPhoneSimulator.Deploy.0 = Release|Any CPU
		{DE0AC05C-AD1E-449D-BC8D-73D9DFD62BC3}.AppStore|x64.ActiveCfg = Release|Any CPU
		{DE0AC05C-AD1E-449D-BC8D-73D9DFD62BC3}.AppStore|x64.Build.0 = Release|Any CPU
		{DE0AC05C-AD1E-449D-BC8D-73D9DFD62BC3}.AppStore|x64.Deploy.0 = Release|Any CPU
		{DE0AC05C-AD1E-449D-BC8D-73D9DFD62BC3}.AppStore|x86.ActiveCfg = Release|Any CPU
		{DE0AC05C-AD1E-449D-BC8D-73D9DFD62BC3}.AppStore|x86.Build.0 = Release|Any CPU
		{DE0AC05C-AD1E-449D-BC8D-73D9DFD62BC3}.AppStore|x86.Deploy.0 = Release|Any CPU
		{DE0AC05C-AD1E-449D-BC8D-73D9DFD62BC3}.Debug|Any CPU.ActiveCfg = Debug|Any CPU
		{DE0AC05C-AD1E-449D-BC8D-73D9DFD62BC3}.Debug|Any CPU.Build.0 = Debug|Any CPU
		{DE0AC05C-AD1E-449D-BC8D-73D9DFD62BC3}.Debug|Any CPU.Deploy.0 = Debug|Any CPU
		{DE0AC05C-AD1E-449D-BC8D-73D9DFD62BC3}.Debug|ARM.ActiveCfg = Debug|Any CPU
		{DE0AC05C-AD1E-449D-BC8D-73D9DFD62BC3}.Debug|ARM.Build.0 = Debug|Any CPU
		{DE0AC05C-AD1E-449D-BC8D-73D9DFD62BC3}.Debug|ARM.Deploy.0 = Debug|Any CPU
		{DE0AC05C-AD1E-449D-BC8D-73D9DFD62BC3}.Debug|iPhone.ActiveCfg = Debug|Any CPU
		{DE0AC05C-AD1E-449D-BC8D-73D9DFD62BC3}.Debug|iPhone.Build.0 = Debug|Any CPU
		{DE0AC05C-AD1E-449D-BC8D-73D9DFD62BC3}.Debug|iPhone.Deploy.0 = Debug|Any CPU
		{DE0AC05C-AD1E-449D-BC8D-73D9DFD62BC3}.Debug|iPhoneSimulator.ActiveCfg = Debug|Any CPU
		{DE0AC05C-AD1E-449D-BC8D-73D9DFD62BC3}.Debug|iPhoneSimulator.Build.0 = Debug|Any CPU
		{DE0AC05C-AD1E-449D-BC8D-73D9DFD62BC3}.Debug|iPhoneSimulator.Deploy.0 = Debug|Any CPU
		{DE0AC05C-AD1E-449D-BC8D-73D9DFD62BC3}.Debug|x64.ActiveCfg = Debug|Any CPU
		{DE0AC05C-AD1E-449D-BC8D-73D9DFD62BC3}.Debug|x64.Build.0 = Debug|Any CPU
		{DE0AC05C-AD1E-449D-BC8D-73D9DFD62BC3}.Debug|x64.Deploy.0 = Debug|Any CPU
		{DE0AC05C-AD1E-449D-BC8D-73D9DFD62BC3}.Debug|x86.ActiveCfg = Debug|Any CPU
		{DE0AC05C-AD1E-449D-BC8D-73D9DFD62BC3}.Debug|x86.Build.0 = Debug|Any CPU
		{DE0AC05C-AD1E-449D-BC8D-73D9DFD62BC3}.Debug|x86.Deploy.0 = Debug|Any CPU
		{DE0AC05C-AD1E-449D-BC8D-73D9DFD62BC3}.Release|Any CPU.ActiveCfg = Release|Any CPU
		{DE0AC05C-AD1E-449D-BC8D-73D9DFD62BC3}.Release|Any CPU.Build.0 = Release|Any CPU
		{DE0AC05C-AD1E-449D-BC8D-73D9DFD62BC3}.Release|Any CPU.Deploy.0 = Release|Any CPU
		{DE0AC05C-AD1E-449D-BC8D-73D9DFD62BC3}.Release|ARM.ActiveCfg = Release|Any CPU
		{DE0AC05C-AD1E-449D-BC8D-73D9DFD62BC3}.Release|ARM.Build.0 = Release|Any CPU
		{DE0AC05C-AD1E-449D-BC8D-73D9DFD62BC3}.Release|ARM.Deploy.0 = Release|Any CPU
		{DE0AC05C-AD1E-449D-BC8D-73D9DFD62BC3}.Release|iPhone.ActiveCfg = Release|Any CPU
		{DE0AC05C-AD1E-449D-BC8D-73D9DFD62BC3}.Release|iPhone.Build.0 = Release|Any CPU
		{DE0AC05C-AD1E-449D-BC8D-73D9DFD62BC3}.Release|iPhone.Deploy.0 = Release|Any CPU
		{DE0AC05C-AD1E-449D-BC8D-73D9DFD62BC3}.Release|iPhoneSimulator.ActiveCfg = Release|Any CPU
		{DE0AC05C-AD1E-449D-BC8D-73D9DFD62BC3}.Release|iPhoneSimulator.Build.0 = Release|Any CPU
		{DE0AC05C-AD1E-449D-BC8D-73D9DFD62BC3}.Release|iPhoneSimulator.Deploy.0 = Release|Any CPU
		{DE0AC05C-AD1E-449D-BC8D-73D9DFD62BC3}.Release|x64.ActiveCfg = Release|Any CPU
		{DE0AC05C-AD1E-449D-BC8D-73D9DFD62BC3}.Release|x64.Build.0 = Release|Any CPU
		{DE0AC05C-AD1E-449D-BC8D-73D9DFD62BC3}.Release|x64.Deploy.0 = Release|Any CPU
		{DE0AC05C-AD1E-449D-BC8D-73D9DFD62BC3}.Release|x86.ActiveCfg = Release|Any CPU
		{DE0AC05C-AD1E-449D-BC8D-73D9DFD62BC3}.Release|x86.Build.0 = Release|Any CPU
		{DE0AC05C-AD1E-449D-BC8D-73D9DFD62BC3}.Release|x86.Deploy.0 = Release|Any CPU
		{95792654-3ACA-4DF3-9018-97D2C4C93EAD}.Ad-Hoc|Any CPU.ActiveCfg = Release|Any CPU
		{95792654-3ACA-4DF3-9018-97D2C4C93EAD}.Ad-Hoc|Any CPU.Build.0 = Release|Any CPU
		{95792654-3ACA-4DF3-9018-97D2C4C93EAD}.Ad-Hoc|ARM.ActiveCfg = Release|Any CPU
		{95792654-3ACA-4DF3-9018-97D2C4C93EAD}.Ad-Hoc|ARM.Build.0 = Release|Any CPU
		{95792654-3ACA-4DF3-9018-97D2C4C93EAD}.Ad-Hoc|iPhone.ActiveCfg = Release|Any CPU
		{95792654-3ACA-4DF3-9018-97D2C4C93EAD}.Ad-Hoc|iPhone.Build.0 = Release|Any CPU
		{95792654-3ACA-4DF3-9018-97D2C4C93EAD}.Ad-Hoc|iPhoneSimulator.ActiveCfg = Release|Any CPU
		{95792654-3ACA-4DF3-9018-97D2C4C93EAD}.Ad-Hoc|iPhoneSimulator.Build.0 = Release|Any CPU
		{95792654-3ACA-4DF3-9018-97D2C4C93EAD}.Ad-Hoc|x64.ActiveCfg = Release|Any CPU
		{95792654-3ACA-4DF3-9018-97D2C4C93EAD}.Ad-Hoc|x64.Build.0 = Release|Any CPU
		{95792654-3ACA-4DF3-9018-97D2C4C93EAD}.Ad-Hoc|x86.ActiveCfg = Release|Any CPU
		{95792654-3ACA-4DF3-9018-97D2C4C93EAD}.Ad-Hoc|x86.Build.0 = Release|Any CPU
		{95792654-3ACA-4DF3-9018-97D2C4C93EAD}.AppStore|Any CPU.ActiveCfg = Release|Any CPU
		{95792654-3ACA-4DF3-9018-97D2C4C93EAD}.AppStore|Any CPU.Build.0 = Release|Any CPU
		{95792654-3ACA-4DF3-9018-97D2C4C93EAD}.AppStore|ARM.ActiveCfg = Release|Any CPU
		{95792654-3ACA-4DF3-9018-97D2C4C93EAD}.AppStore|ARM.Build.0 = Release|Any CPU
		{95792654-3ACA-4DF3-9018-97D2C4C93EAD}.AppStore|iPhone.ActiveCfg = Release|Any CPU
		{95792654-3ACA-4DF3-9018-97D2C4C93EAD}.AppStore|iPhone.Build.0 = Release|Any CPU
		{95792654-3ACA-4DF3-9018-97D2C4C93EAD}.AppStore|iPhoneSimulator.ActiveCfg = Release|Any CPU
		{95792654-3ACA-4DF3-9018-97D2C4C93EAD}.AppStore|iPhoneSimulator.Build.0 = Release|Any CPU
		{95792654-3ACA-4DF3-9018-97D2C4C93EAD}.AppStore|x64.ActiveCfg = Release|Any CPU
		{95792654-3ACA-4DF3-9018-97D2C4C93EAD}.AppStore|x64.Build.0 = Release|Any CPU
		{95792654-3ACA-4DF3-9018-97D2C4C93EAD}.AppStore|x86.ActiveCfg = Release|Any CPU
		{95792654-3ACA-4DF3-9018-97D2C4C93EAD}.AppStore|x86.Build.0 = Release|Any CPU
		{95792654-3ACA-4DF3-9018-97D2C4C93EAD}.Debug|Any CPU.ActiveCfg = Debug|Any CPU
		{95792654-3ACA-4DF3-9018-97D2C4C93EAD}.Debug|Any CPU.Build.0 = Debug|Any CPU
		{95792654-3ACA-4DF3-9018-97D2C4C93EAD}.Debug|ARM.ActiveCfg = Debug|Any CPU
		{95792654-3ACA-4DF3-9018-97D2C4C93EAD}.Debug|ARM.Build.0 = Debug|Any CPU
		{95792654-3ACA-4DF3-9018-97D2C4C93EAD}.Debug|iPhone.ActiveCfg = Debug|Any CPU
		{95792654-3ACA-4DF3-9018-97D2C4C93EAD}.Debug|iPhone.Build.0 = Debug|Any CPU
		{95792654-3ACA-4DF3-9018-97D2C4C93EAD}.Debug|iPhoneSimulator.ActiveCfg = Debug|Any CPU
		{95792654-3ACA-4DF3-9018-97D2C4C93EAD}.Debug|iPhoneSimulator.Build.0 = Debug|Any CPU
		{95792654-3ACA-4DF3-9018-97D2C4C93EAD}.Debug|x64.ActiveCfg = Debug|Any CPU
		{95792654-3ACA-4DF3-9018-97D2C4C93EAD}.Debug|x64.Build.0 = Debug|Any CPU
		{95792654-3ACA-4DF3-9018-97D2C4C93EAD}.Debug|x86.ActiveCfg = Debug|Any CPU
		{95792654-3ACA-4DF3-9018-97D2C4C93EAD}.Debug|x86.Build.0 = Debug|Any CPU
		{95792654-3ACA-4DF3-9018-97D2C4C93EAD}.Release|Any CPU.ActiveCfg = Release|Any CPU
		{95792654-3ACA-4DF3-9018-97D2C4C93EAD}.Release|Any CPU.Build.0 = Release|Any CPU
		{95792654-3ACA-4DF3-9018-97D2C4C93EAD}.Release|ARM.ActiveCfg = Release|Any CPU
		{95792654-3ACA-4DF3-9018-97D2C4C93EAD}.Release|ARM.Build.0 = Release|Any CPU
		{95792654-3ACA-4DF3-9018-97D2C4C93EAD}.Release|iPhone.ActiveCfg = Release|Any CPU
		{95792654-3ACA-4DF3-9018-97D2C4C93EAD}.Release|iPhone.Build.0 = Release|Any CPU
		{95792654-3ACA-4DF3-9018-97D2C4C93EAD}.Release|iPhoneSimulator.ActiveCfg = Release|Any CPU
		{95792654-3ACA-4DF3-9018-97D2C4C93EAD}.Release|iPhoneSimulator.Build.0 = Release|Any CPU
		{95792654-3ACA-4DF3-9018-97D2C4C93EAD}.Release|x64.ActiveCfg = Release|Any CPU
		{95792654-3ACA-4DF3-9018-97D2C4C93EAD}.Release|x64.Build.0 = Release|Any CPU
		{95792654-3ACA-4DF3-9018-97D2C4C93EAD}.Release|x86.ActiveCfg = Release|Any CPU
		{95792654-3ACA-4DF3-9018-97D2C4C93EAD}.Release|x86.Build.0 = Release|Any CPU
		{42A308F0-2CE1-4A8C-9482-89C868AB6F21}.Ad-Hoc|Any CPU.ActiveCfg = Release|x86
		{42A308F0-2CE1-4A8C-9482-89C868AB6F21}.Ad-Hoc|Any CPU.Build.0 = Release|x86
		{42A308F0-2CE1-4A8C-9482-89C868AB6F21}.Ad-Hoc|Any CPU.Deploy.0 = Release|x86
		{42A308F0-2CE1-4A8C-9482-89C868AB6F21}.Ad-Hoc|ARM.ActiveCfg = Release|ARM
		{42A308F0-2CE1-4A8C-9482-89C868AB6F21}.Ad-Hoc|ARM.Build.0 = Release|ARM
		{42A308F0-2CE1-4A8C-9482-89C868AB6F21}.Ad-Hoc|ARM.Deploy.0 = Release|ARM
		{42A308F0-2CE1-4A8C-9482-89C868AB6F21}.Ad-Hoc|iPhone.ActiveCfg = Release|x86
		{42A308F0-2CE1-4A8C-9482-89C868AB6F21}.Ad-Hoc|iPhone.Build.0 = Release|x86
		{42A308F0-2CE1-4A8C-9482-89C868AB6F21}.Ad-Hoc|iPhone.Deploy.0 = Release|x86
		{42A308F0-2CE1-4A8C-9482-89C868AB6F21}.Ad-Hoc|iPhoneSimulator.ActiveCfg = Release|x86
		{42A308F0-2CE1-4A8C-9482-89C868AB6F21}.Ad-Hoc|iPhoneSimulator.Build.0 = Release|x86
		{42A308F0-2CE1-4A8C-9482-89C868AB6F21}.Ad-Hoc|iPhoneSimulator.Deploy.0 = Release|x86
		{42A308F0-2CE1-4A8C-9482-89C868AB6F21}.Ad-Hoc|x64.ActiveCfg = Release|x64
		{42A308F0-2CE1-4A8C-9482-89C868AB6F21}.Ad-Hoc|x64.Build.0 = Release|x64
		{42A308F0-2CE1-4A8C-9482-89C868AB6F21}.Ad-Hoc|x64.Deploy.0 = Release|x64
		{42A308F0-2CE1-4A8C-9482-89C868AB6F21}.Ad-Hoc|x86.ActiveCfg = Release|x86
		{42A308F0-2CE1-4A8C-9482-89C868AB6F21}.Ad-Hoc|x86.Build.0 = Release|x86
		{42A308F0-2CE1-4A8C-9482-89C868AB6F21}.Ad-Hoc|x86.Deploy.0 = Release|x86
		{42A308F0-2CE1-4A8C-9482-89C868AB6F21}.AppStore|Any CPU.ActiveCfg = Release|x86
		{42A308F0-2CE1-4A8C-9482-89C868AB6F21}.AppStore|Any CPU.Build.0 = Release|x86
		{42A308F0-2CE1-4A8C-9482-89C868AB6F21}.AppStore|Any CPU.Deploy.0 = Release|x86
		{42A308F0-2CE1-4A8C-9482-89C868AB6F21}.AppStore|ARM.ActiveCfg = Release|ARM
		{42A308F0-2CE1-4A8C-9482-89C868AB6F21}.AppStore|ARM.Build.0 = Release|ARM
		{42A308F0-2CE1-4A8C-9482-89C868AB6F21}.AppStore|ARM.Deploy.0 = Release|ARM
		{42A308F0-2CE1-4A8C-9482-89C868AB6F21}.AppStore|iPhone.ActiveCfg = Release|x86
		{42A308F0-2CE1-4A8C-9482-89C868AB6F21}.AppStore|iPhone.Build.0 = Release|x86
		{42A308F0-2CE1-4A8C-9482-89C868AB6F21}.AppStore|iPhone.Deploy.0 = Release|x86
		{42A308F0-2CE1-4A8C-9482-89C868AB6F21}.AppStore|iPhoneSimulator.ActiveCfg = Release|x86
		{42A308F0-2CE1-4A8C-9482-89C868AB6F21}.AppStore|iPhoneSimulator.Build.0 = Release|x86
		{42A308F0-2CE1-4A8C-9482-89C868AB6F21}.AppStore|iPhoneSimulator.Deploy.0 = Release|x86
		{42A308F0-2CE1-4A8C-9482-89C868AB6F21}.AppStore|x64.ActiveCfg = Release|x64
		{42A308F0-2CE1-4A8C-9482-89C868AB6F21}.AppStore|x64.Build.0 = Release|x64
		{42A308F0-2CE1-4A8C-9482-89C868AB6F21}.AppStore|x64.Deploy.0 = Release|x64
		{42A308F0-2CE1-4A8C-9482-89C868AB6F21}.AppStore|x86.ActiveCfg = Release|x86
		{42A308F0-2CE1-4A8C-9482-89C868AB6F21}.AppStore|x86.Build.0 = Release|x86
		{42A308F0-2CE1-4A8C-9482-89C868AB6F21}.AppStore|x86.Deploy.0 = Release|x86
		{42A308F0-2CE1-4A8C-9482-89C868AB6F21}.Debug|Any CPU.ActiveCfg = Debug|x86
		{42A308F0-2CE1-4A8C-9482-89C868AB6F21}.Debug|ARM.ActiveCfg = Debug|ARM
		{42A308F0-2CE1-4A8C-9482-89C868AB6F21}.Debug|ARM.Build.0 = Debug|ARM
		{42A308F0-2CE1-4A8C-9482-89C868AB6F21}.Debug|ARM.Deploy.0 = Debug|ARM
		{42A308F0-2CE1-4A8C-9482-89C868AB6F21}.Debug|iPhone.ActiveCfg = Debug|x86
		{42A308F0-2CE1-4A8C-9482-89C868AB6F21}.Debug|iPhoneSimulator.ActiveCfg = Debug|x86
		{42A308F0-2CE1-4A8C-9482-89C868AB6F21}.Debug|x64.ActiveCfg = Debug|x64
		{42A308F0-2CE1-4A8C-9482-89C868AB6F21}.Debug|x64.Build.0 = Debug|x64
		{42A308F0-2CE1-4A8C-9482-89C868AB6F21}.Debug|x64.Deploy.0 = Debug|x64
		{42A308F0-2CE1-4A8C-9482-89C868AB6F21}.Debug|x86.ActiveCfg = Debug|x86
		{42A308F0-2CE1-4A8C-9482-89C868AB6F21}.Debug|x86.Build.0 = Debug|x86
		{42A308F0-2CE1-4A8C-9482-89C868AB6F21}.Debug|x86.Deploy.0 = Debug|x86
		{42A308F0-2CE1-4A8C-9482-89C868AB6F21}.Release|Any CPU.ActiveCfg = Release|x86
		{42A308F0-2CE1-4A8C-9482-89C868AB6F21}.Release|ARM.ActiveCfg = Release|ARM
		{42A308F0-2CE1-4A8C-9482-89C868AB6F21}.Release|ARM.Build.0 = Release|ARM
		{42A308F0-2CE1-4A8C-9482-89C868AB6F21}.Release|ARM.Deploy.0 = Release|ARM
		{42A308F0-2CE1-4A8C-9482-89C868AB6F21}.Release|iPhone.ActiveCfg = Release|x86
		{42A308F0-2CE1-4A8C-9482-89C868AB6F21}.Release|iPhoneSimulator.ActiveCfg = Release|x86
		{42A308F0-2CE1-4A8C-9482-89C868AB6F21}.Release|x64.ActiveCfg = Release|x64
		{42A308F0-2CE1-4A8C-9482-89C868AB6F21}.Release|x64.Build.0 = Release|x64
		{42A308F0-2CE1-4A8C-9482-89C868AB6F21}.Release|x64.Deploy.0 = Release|x64
		{42A308F0-2CE1-4A8C-9482-89C868AB6F21}.Release|x86.ActiveCfg = Release|x86
		{42A308F0-2CE1-4A8C-9482-89C868AB6F21}.Release|x86.Build.0 = Release|x86
		{42A308F0-2CE1-4A8C-9482-89C868AB6F21}.Release|x86.Deploy.0 = Release|x86
		{0503CD6B-0C6D-4FDE-B422-87EFAE003C2D}.Ad-Hoc|Any CPU.ActiveCfg = Ad-Hoc|iPhone
		{0503CD6B-0C6D-4FDE-B422-87EFAE003C2D}.Ad-Hoc|ARM.ActiveCfg = Ad-Hoc|iPhone
		{0503CD6B-0C6D-4FDE-B422-87EFAE003C2D}.Ad-Hoc|iPhone.ActiveCfg = Ad-Hoc|iPhone
		{0503CD6B-0C6D-4FDE-B422-87EFAE003C2D}.Ad-Hoc|iPhone.Build.0 = Ad-Hoc|iPhone
		{0503CD6B-0C6D-4FDE-B422-87EFAE003C2D}.Ad-Hoc|iPhoneSimulator.ActiveCfg = Ad-Hoc|iPhoneSimulator
		{0503CD6B-0C6D-4FDE-B422-87EFAE003C2D}.Ad-Hoc|iPhoneSimulator.Build.0 = Ad-Hoc|iPhoneSimulator
		{0503CD6B-0C6D-4FDE-B422-87EFAE003C2D}.Ad-Hoc|x64.ActiveCfg = Ad-Hoc|iPhone
		{0503CD6B-0C6D-4FDE-B422-87EFAE003C2D}.Ad-Hoc|x86.ActiveCfg = Ad-Hoc|iPhone
		{0503CD6B-0C6D-4FDE-B422-87EFAE003C2D}.AppStore|Any CPU.ActiveCfg = AppStore|iPhone
		{0503CD6B-0C6D-4FDE-B422-87EFAE003C2D}.AppStore|ARM.ActiveCfg = AppStore|iPhone
		{0503CD6B-0C6D-4FDE-B422-87EFAE003C2D}.AppStore|iPhone.ActiveCfg = AppStore|iPhone
		{0503CD6B-0C6D-4FDE-B422-87EFAE003C2D}.AppStore|iPhone.Build.0 = AppStore|iPhone
		{0503CD6B-0C6D-4FDE-B422-87EFAE003C2D}.AppStore|iPhoneSimulator.ActiveCfg = AppStore|iPhoneSimulator
		{0503CD6B-0C6D-4FDE-B422-87EFAE003C2D}.AppStore|iPhoneSimulator.Build.0 = AppStore|iPhoneSimulator
		{0503CD6B-0C6D-4FDE-B422-87EFAE003C2D}.AppStore|x64.ActiveCfg = AppStore|iPhone
		{0503CD6B-0C6D-4FDE-B422-87EFAE003C2D}.AppStore|x86.ActiveCfg = AppStore|iPhone
		{0503CD6B-0C6D-4FDE-B422-87EFAE003C2D}.Debug|Any CPU.ActiveCfg = Debug|iPhone
		{0503CD6B-0C6D-4FDE-B422-87EFAE003C2D}.Debug|ARM.ActiveCfg = Debug|iPhone
		{0503CD6B-0C6D-4FDE-B422-87EFAE003C2D}.Debug|iPhone.ActiveCfg = Debug|iPhone
		{0503CD6B-0C6D-4FDE-B422-87EFAE003C2D}.Debug|iPhone.Build.0 = Debug|iPhone
		{0503CD6B-0C6D-4FDE-B422-87EFAE003C2D}.Debug|iPhoneSimulator.ActiveCfg = Debug|iPhoneSimulator
		{0503CD6B-0C6D-4FDE-B422-87EFAE003C2D}.Debug|iPhoneSimulator.Build.0 = Debug|iPhoneSimulator
		{0503CD6B-0C6D-4FDE-B422-87EFAE003C2D}.Debug|x64.ActiveCfg = Debug|iPhone
		{0503CD6B-0C6D-4FDE-B422-87EFAE003C2D}.Debug|x86.ActiveCfg = Debug|iPhone
		{0503CD6B-0C6D-4FDE-B422-87EFAE003C2D}.Release|Any CPU.ActiveCfg = Release|iPhone
		{0503CD6B-0C6D-4FDE-B422-87EFAE003C2D}.Release|ARM.ActiveCfg = Release|iPhone
		{0503CD6B-0C6D-4FDE-B422-87EFAE003C2D}.Release|iPhone.ActiveCfg = Release|iPhone
		{0503CD6B-0C6D-4FDE-B422-87EFAE003C2D}.Release|iPhone.Build.0 = Release|iPhone
		{0503CD6B-0C6D-4FDE-B422-87EFAE003C2D}.Release|iPhoneSimulator.ActiveCfg = Release|iPhoneSimulator
		{0503CD6B-0C6D-4FDE-B422-87EFAE003C2D}.Release|iPhoneSimulator.Build.0 = Release|iPhoneSimulator
		{0503CD6B-0C6D-4FDE-B422-87EFAE003C2D}.Release|x64.ActiveCfg = Release|iPhone
		{0503CD6B-0C6D-4FDE-B422-87EFAE003C2D}.Release|x86.ActiveCfg = Release|iPhone
	EndGlobalSection
	GlobalSection(SolutionProperties) = preSolution
		HideSolutionNode = FALSE
	EndGlobalSection
	GlobalSection(ExtensibilityGlobals) = postSolution
		SolutionGuid = {045F16C8-77AC-4C21-862B-E523042434A7}
	EndGlobalSection
EndGlobal
